
Microsoft Visual Studio Solution File, Format Version 12.00
# Visual Studio Version 17
VisualStudioVersion = 17.7.34024.191
MinimumVisualStudioVersion = 10.0.40219.1
Project("{FAE04EC0-301F-11D3-BF4B-00C04F79EFBC}") = "MiniProject1", "MiniProject1\MiniProject1.csproj", "{522DBA18-C44E-4553-8940-BA2158B06DE0}"
EndProject
Global
	GlobalSection(SolutionConfigurationPlatforms) = preSolution
		Debug|Any CPU = Debug|Any CPU
		Release|Any CPU = Release|Any CPU
	EndGlobalSection
	GlobalSection(ProjectConfigurationPlatforms) = postSolution
		{522DBA18-C44E-4553-8940-BA2158B06DE0}.Debug|Any CPU.ActiveCfg = Debug|Any CPU
		{522DBA18-C44E-4553-8940-BA2158B06DE0}.Debug|Any CPU.Build.0 = Debug|Any CPU
		{522DBA18-C44E-4553-8940-BA2158B06DE0}.Release|Any CPU.ActiveCfg = Release|Any CPU
		{522DBA18-C44E-4553-8940-BA2158B06DE0}.Release|Any CPU.Build.0 = Release|Any CPU
	EndGlobalSection
	GlobalSection(SolutionProperties) = preSolution
		HideSolutionNode = FALSE
	EndGlobalSection
	GlobalSection(ExtensibilityGlobals) = postSolution
		SolutionGuid = {FD2963C8-290E-45C7-933C-364489CD9299}
	EndGlobalSection
EndGlobal
